
Microsoft Visual Studio Solution File, Format Version 12.00
# Visual Studio Version 16
VisualStudioVersion = 16.0.31515.178
MinimumVisualStudioVersion = 10.0.40219.1
Project("{FAE04EC0-301F-11D3-BF4B-00C04F79EFBC}") = "HelloVersionControl", "HelloVersionControl\HelloVersionControl.csproj", "{B19E6C54-4FA3-4AD1-B57F-89B963863C47}"
EndProject
Global
	GlobalSection(SolutionConfigurationPlatforms) = preSolution
		Debug|Any CPU = Debug|Any CPU
		Release|Any CPU = Release|Any CPU
	EndGlobalSection
	GlobalSection(ProjectConfigurationPlatforms) = postSolution
		{B19E6C54-4FA3-4AD1-B57F-89B963863C47}.Debug|Any CPU.ActiveCfg = Debug|Any CPU
		{B19E6C54-4FA3-4AD1-B57F-89B963863C47}.Debug|Any CPU.Build.0 = Debug|Any CPU
		{B19E6C54-4FA3-4AD1-B57F-89B963863C47}.Release|Any CPU.ActiveCfg = Release|Any CPU
		{B19E6C54-4FA3-4AD1-B57F-89B963863C47}.Release|Any CPU.Build.0 = Release|Any CPU
	EndGlobalSection
	GlobalSection(SolutionProperties) = preSolution
		HideSolutionNode = FALSE
	EndGlobalSection
	GlobalSection(ExtensibilityGlobals) = postSolution
		SolutionGuid = {59399F49-99AC-4B68-BA5F-AD512BAFA4B4}
	EndGlobalSection
EndGlobal
